{
  "version": 4,
  "terraform_version": "0.12.29",
  "serial": 47,
  "lineage": "5847a671-58a8-c153-2bf3-8b66f20c6df0",
  "outputs": {
    "broker_api_url": {
      "value": "https://7iokpqos42.execute-api.us-west-2.amazonaws.com/prod",
      "type": "string"
    }
  },
  "resources": [
    {
      "mode": "managed",
      "type": "aws_api_gateway_deployment",
      "name": "broker_deployment",
      "provider": "provider.aws",
      "instances": [
        {
          "schema_version": 0,
          "attributes": {
            "created_date": "2021-02-12T01:19:52Z",
            "description": "",
            "execution_arn": "arn:aws:execute-api:us-west-2:621522373462:7iokpqos42/prod",
            "id": "j9vbh5",
            "invoke_url": "https://7iokpqos42.execute-api.us-west-2.amazonaws.com/prod",
            "rest_api_id": "7iokpqos42",
            "stage_description": null,
            "stage_name": "prod",
            "triggers": null,
            "variables": null
          },
          "private": "bnVsbA==",
          "dependencies": [
            "aws_api_gateway_integration.broker_lambda",
            "aws_api_gateway_integration.broker_lambda_root",
            "aws_api_gateway_method.broker_proxy",
            "aws_api_gateway_method.broker_proxy_root",
            "aws_api_gateway_rest_api.broker_api",
            "aws_iam_role.broker_access",
            "aws_lambda_function.broker"
          ]
        }
      ]
    },
    {
      "mode": "managed",
      "type": "aws_api_gateway_integration",
      "name": "broker_lambda",
      "provider": "provider.aws",
      "instances": [
        {
          "schema_version": 0,
          "attributes": {
            "cache_key_parameters": null,
            "cache_namespace": "sn1hll",
            "connection_id": "",
            "connection_type": "INTERNET",
            "content_handling": "",
            "credentials": "",
            "http_method": "ANY",
            "id": "agi-7iokpqos42-sn1hll-ANY",
            "integration_http_method": "POST",
            "passthrough_behavior": "WHEN_NO_MATCH",
            "request_parameters": null,
            "request_templates": null,
            "resource_id": "sn1hll",
            "rest_api_id": "7iokpqos42",
            "timeout_milliseconds": 29000,
            "tls_config": [],
            "type": "AWS_PROXY",
            "uri": "arn:aws:apigateway:us-west-2:lambda:path/2015-03-31/functions/arn:aws:lambda:us-west-2:621522373462:function:broker_backend/invocations"
          },
          "private": "bnVsbA==",
          "dependencies": [
            "aws_api_gateway_method.broker_proxy",
            "aws_api_gateway_rest_api.broker_api",
            "aws_iam_role.broker_access",
            "aws_lambda_function.broker"
          ]
        }
      ]
    },
    {
      "mode": "managed",
      "type": "aws_api_gateway_integration",
      "name": "broker_lambda_root",
      "provider": "provider.aws",
      "instances": [
        {
          "schema_version": 0,
          "attributes": {
            "cache_key_parameters": null,
            "cache_namespace": "50a4kkersd",
            "connection_id": "",
            "connection_type": "INTERNET",
            "content_handling": "",
            "credentials": "",
            "http_method": "ANY",
            "id": "agi-7iokpqos42-50a4kkersd-ANY",
            "integration_http_method": "POST",
            "passthrough_behavior": "WHEN_NO_MATCH",
            "request_parameters": null,
            "request_templates": null,
            "resource_id": "50a4kkersd",
            "rest_api_id": "7iokpqos42",
            "timeout_milliseconds": 29000,
            "tls_config": [],
            "type": "AWS_PROXY",
            "uri": "arn:aws:apigateway:us-west-2:lambda:path/2015-03-31/functions/arn:aws:lambda:us-west-2:621522373462:function:broker_backend/invocations"
          },
          "private": "bnVsbA==",
          "dependencies": [
            "aws_api_gateway_method.broker_proxy_root",
            "aws_api_gateway_rest_api.broker_api",
            "aws_iam_role.broker_access",
            "aws_lambda_function.broker"
          ]
        }
      ]
    },
    {
      "mode": "managed",
      "type": "aws_api_gateway_method",
      "name": "broker_proxy",
      "provider": "provider.aws",
      "instances": [
        {
          "schema_version": 0,
          "attributes": {
            "api_key_required": false,
            "authorization": "NONE",
            "authorization_scopes": [],
            "authorizer_id": "",
            "http_method": "ANY",
            "id": "agm-7iokpqos42-sn1hll-ANY",
            "operation_name": "",
            "request_models": {},
            "request_parameters": {},
            "request_validator_id": "",
            "resource_id": "sn1hll",
            "rest_api_id": "7iokpqos42"
          },
          "private": "bnVsbA==",
          "dependencies": [
            "aws_api_gateway_resource.broker_proxy",
            "aws_api_gateway_rest_api.broker_api"
          ]
        }
      ]
    },
    {
      "mode": "managed",
      "type": "aws_api_gateway_method",
      "name": "broker_proxy_root",
      "provider": "provider.aws",
      "instances": [
        {
          "schema_version": 0,
          "attributes": {
            "api_key_required": false,
            "authorization": "NONE",
            "authorization_scopes": [],
            "authorizer_id": "",
            "http_method": "ANY",
            "id": "agm-7iokpqos42-50a4kkersd-ANY",
            "operation_name": "",
            "request_models": {},
            "request_parameters": {},
            "request_validator_id": "",
            "resource_id": "50a4kkersd",
            "rest_api_id": "7iokpqos42"
          },
          "private": "bnVsbA==",
          "dependencies": [
            "aws_api_gateway_rest_api.broker_api"
          ]
        }
      ]
    },
    {
      "mode": "managed",
      "type": "aws_api_gateway_resource",
      "name": "broker_proxy",
      "provider": "provider.aws",
      "instances": [
        {
          "schema_version": 0,
          "attributes": {
            "id": "sn1hll",
            "parent_id": "50a4kkersd",
            "path": "/{proxy+}",
            "path_part": "{proxy+}",
            "rest_api_id": "7iokpqos42"
          },
          "private": "bnVsbA==",
          "dependencies": [
            "aws_api_gateway_rest_api.broker_api"
          ]
        }
      ]
    },
    {
      "mode": "managed",
      "type": "aws_api_gateway_rest_api",
      "name": "broker_api",
      "provider": "provider.aws",
      "instances": [
        {
          "schema_version": 0,
          "attributes": {
            "api_key_source": "HEADER",
            "arn": "arn:aws:apigateway:us-west-2::/restapis/7iokpqos42",
            "binary_media_types": [],
            "body": null,
            "created_date": "2021-02-12T00:56:39Z",
            "description": "broker REST API",
            "disable_execute_api_endpoint": false,
            "endpoint_configuration": [
              {
                "types": [
                  "EDGE"
                ],
                "vpc_endpoint_ids": []
              }
            ],
            "execution_arn": "arn:aws:execute-api:us-west-2:621522373462:7iokpqos42",
            "id": "7iokpqos42",
            "minimum_compression_size": -1,
            "name": "broker_broker_api",
            "parameters": null,
            "policy": "",
            "root_resource_id": "50a4kkersd",
            "tags": {}
          },
          "private": "bnVsbA=="
        }
      ]
    },
    {
      "mode": "managed",
      "type": "aws_appautoscaling_policy",
      "name": "codes_read_policy",
      "provider": "provider.aws",
      "instances": [
        {
          "schema_version": 0,
          "attributes": {
            "arn": "arn:aws:autoscaling:us-west-2:621522373462:scalingPolicy:15f78306-dab6-4d72-9255-ce6b31846af8:resource/dynamodb/table/broker_codes:policyName/DynamoDBReadCapacityUtilization:table/broker_codes",
            "id": "DynamoDBReadCapacityUtilization:table/broker_codes",
            "name": "DynamoDBReadCapacityUtilization:table/broker_codes",
            "policy_type": "TargetTrackingScaling",
            "resource_id": "table/broker_codes",
            "scalable_dimension": "dynamodb:table:ReadCapacityUnits",
            "service_namespace": "dynamodb",
            "step_scaling_policy_configuration": [],
            "target_tracking_scaling_policy_configuration": [
              {
                "customized_metric_specification": [],
                "disable_scale_in": false,
                "predefined_metric_specification": [
                  {
                    "predefined_metric_type": "DynamoDBReadCapacityUtilization",
                    "resource_label": ""
                  }
                ],
                "scale_in_cooldown": 0,
                "scale_out_cooldown": 0,
                "target_value": 70
              }
            ]
          },
          "private": "bnVsbA==",
          "dependencies": [
            "aws_appautoscaling_target.codes_read_target",
            "aws_dynamodb_table.codes"
          ]
        }
      ]
    },
    {
      "mode": "managed",
      "type": "aws_appautoscaling_policy",
      "name": "codes_write_policy",
      "provider": "provider.aws",
      "instances": [
        {
          "schema_version": 0,
          "attributes": {
            "arn": "arn:aws:autoscaling:us-west-2:621522373462:scalingPolicy:fb460875-e8e7-4879-8979-d290c9278854:resource/dynamodb/table/broker_codes:policyName/DynamoDBWriteCapacityUtilization:table/broker_codes",
            "id": "DynamoDBWriteCapacityUtilization:table/broker_codes",
            "name": "DynamoDBWriteCapacityUtilization:table/broker_codes",
            "policy_type": "TargetTrackingScaling",
            "resource_id": "table/broker_codes",
            "scalable_dimension": "dynamodb:table:WriteCapacityUnits",
            "service_namespace": "dynamodb",
            "step_scaling_policy_configuration": [],
            "target_tracking_scaling_policy_configuration": [
              {
                "customized_metric_specification": [],
                "disable_scale_in": false,
                "predefined_metric_specification": [
                  {
                    "predefined_metric_type": "DynamoDBWriteCapacityUtilization",
                    "resource_label": ""
                  }
                ],
                "scale_in_cooldown": 0,
                "scale_out_cooldown": 0,
                "target_value": 70
              }
            ]
          },
          "private": "bnVsbA==",
          "dependencies": [
            "aws_appautoscaling_target.codes_write_target",
            "aws_dynamodb_table.codes"
          ]
        }
      ]
    },
    {
      "mode": "managed",
      "type": "aws_appautoscaling_policy",
      "name": "messages_ByQueue_read_policy",
      "provider": "provider.aws",
      "instances": [
        {
          "schema_version": 0,
          "attributes": {
            "arn": "arn:aws:autoscaling:us-west-2:621522373462:scalingPolicy:6cc75a5f-1372-4104-92e2-da488d3b4241:resource/dynamodb/table/broker_messages/index/ByQueue:policyName/DynamoDBReadCapacityUtilization:table/broker_messages/index/ByQueue",
            "id": "DynamoDBReadCapacityUtilization:table/broker_messages/index/ByQueue",
            "name": "DynamoDBReadCapacityUtilization:table/broker_messages/index/ByQueue",
            "policy_type": "TargetTrackingScaling",
            "resource_id": "table/broker_messages/index/ByQueue",
            "scalable_dimension": "dynamodb:index:ReadCapacityUnits",
            "service_namespace": "dynamodb",
            "step_scaling_policy_configuration": [],
            "target_tracking_scaling_policy_configuration": [
              {
                "customized_metric_specification": [],
                "disable_scale_in": false,
                "predefined_metric_specification": [
                  {
                    "predefined_metric_type": "DynamoDBReadCapacityUtilization",
                    "resource_label": ""
                  }
                ],
                "scale_in_cooldown": 0,
                "scale_out_cooldown": 0,
                "target_value": 70
              }
            ]
          },
          "private": "bnVsbA==",
          "dependencies": [
            "aws_appautoscaling_target.messages_ByQueue_read_target",
            "aws_dynamodb_table.messages"
          ]
        }
      ]
    },
    {
      "mode": "managed",
      "type": "aws_appautoscaling_policy",
      "name": "messages_ByQueue_write_policy",
      "provider": "provider.aws",
      "instances": [
        {
          "schema_version": 0,
          "attributes": {
            "arn": "arn:aws:autoscaling:us-west-2:621522373462:scalingPolicy:0344cbf2-70e2-46db-b0e1-c294da3a8cf4:resource/dynamodb/table/broker_messages/index/ByQueue:policyName/DynamoDBWriteCapacityUtilization:table/broker_messages/index/ByQueue",
            "id": "DynamoDBWriteCapacityUtilization:table/broker_messages/index/ByQueue",
            "name": "DynamoDBWriteCapacityUtilization:table/broker_messages/index/ByQueue",
            "policy_type": "TargetTrackingScaling",
            "resource_id": "table/broker_messages/index/ByQueue",
            "scalable_dimension": "dynamodb:index:WriteCapacityUnits",
            "service_namespace": "dynamodb",
            "step_scaling_policy_configuration": [],
            "target_tracking_scaling_policy_configuration": [
              {
                "customized_metric_specification": [],
                "disable_scale_in": false,
                "predefined_metric_specification": [
                  {
                    "predefined_metric_type": "DynamoDBWriteCapacityUtilization",
                    "resource_label": ""
                  }
                ],
                "scale_in_cooldown": 0,
                "scale_out_cooldown": 0,
                "target_value": 70
              }
            ]
          },
          "private": "bnVsbA==",
          "dependencies": [
            "aws_appautoscaling_target.messages_ByQueue_write_target",
            "aws_dynamodb_table.messages"
          ]
        }
      ]
    },
    {
      "mode": "managed",
      "type": "aws_appautoscaling_policy",
      "name": "messages_read_policy",
      "provider": "provider.aws",
      "instances": [
        {
          "schema_version": 0,
          "attributes": {
            "arn": "arn:aws:autoscaling:us-west-2:621522373462:scalingPolicy:929e5a77-bd82-4d2d-b2f0-b8d8e3e6cc9e:resource/dynamodb/table/broker_messages:policyName/DynamoDBReadCapacityUtilization:table/broker_messages",
            "id": "DynamoDBReadCapacityUtilization:table/broker_messages",
            "name": "DynamoDBReadCapacityUtilization:table/broker_messages",
            "policy_type": "TargetTrackingScaling",
            "resource_id": "table/broker_messages",
            "scalable_dimension": "dynamodb:table:ReadCapacityUnits",
            "service_namespace": "dynamodb",
            "step_scaling_policy_configuration": [],
            "target_tracking_scaling_policy_configuration": [
              {
                "customized_metric_specification": [],
                "disable_scale_in": false,
                "predefined_metric_specification": [
                  {
                    "predefined_metric_type": "DynamoDBReadCapacityUtilization",
                    "resource_label": ""
                  }
                ],
                "scale_in_cooldown": 0,
                "scale_out_cooldown": 0,
                "target_value": 70
              }
            ]
          },
          "private": "bnVsbA==",
          "dependencies": [
            "aws_appautoscaling_target.messages_read_target",
            "aws_dynamodb_table.messages"
          ]
        }
      ]
    },
    {
      "mode": "managed",
      "type": "aws_appautoscaling_policy",
      "name": "messages_write_policy",
      "provider": "provider.aws",
      "instances": [
        {
          "schema_version": 0,
          "attributes": {
            "arn": "arn:aws:autoscaling:us-west-2:621522373462:scalingPolicy:6f7bcded-f9e5-4fed-99e0-44aeba677293:resource/dynamodb/table/broker_messages:policyName/DynamoDBWriteCapacityUtilization:table/broker_messages",
            "id": "DynamoDBWriteCapacityUtilization:table/broker_messages",
            "name": "DynamoDBWriteCapacityUtilization:table/broker_messages",
            "policy_type": "TargetTrackingScaling",
            "resource_id": "table/broker_messages",
            "scalable_dimension": "dynamodb:table:WriteCapacityUnits",
            "service_namespace": "dynamodb",
            "step_scaling_policy_configuration": [],
            "target_tracking_scaling_policy_configuration": [
              {
                "customized_metric_specification": [],
                "disable_scale_in": false,
                "predefined_metric_specification": [
                  {
                    "predefined_metric_type": "DynamoDBWriteCapacityUtilization",
                    "resource_label": ""
                  }
                ],
                "scale_in_cooldown": 0,
                "scale_out_cooldown": 0,
                "target_value": 70
              }
            ]
          },
          "private": "bnVsbA==",
          "dependencies": [
            "aws_appautoscaling_target.messages_write_target",
            "aws_dynamodb_table.messages"
          ]
        }
      ]
    },
    {
      "mode": "managed",
      "type": "aws_appautoscaling_policy",
      "name": "queues_read_policy",
      "provider": "provider.aws",
      "instances": [
        {
          "schema_version": 0,
          "attributes": {
            "arn": "arn:aws:autoscaling:us-west-2:621522373462:scalingPolicy:f955b2df-a8ca-4c88-a805-8da42d7aef6d:resource/dynamodb/table/broker_queues:policyName/DynamoDBReadCapacityUtilization:table/broker_queues",
            "id": "DynamoDBReadCapacityUtilization:table/broker_queues",
            "name": "DynamoDBReadCapacityUtilization:table/broker_queues",
            "policy_type": "TargetTrackingScaling",
            "resource_id": "table/broker_queues",
            "scalable_dimension": "dynamodb:table:ReadCapacityUnits",
            "service_namespace": "dynamodb",
            "step_scaling_policy_configuration": [],
            "target_tracking_scaling_policy_configuration": [
              {
                "customized_metric_specification": [],
                "disable_scale_in": false,
                "predefined_metric_specification": [
                  {
                    "predefined_metric_type": "DynamoDBReadCapacityUtilization",
                    "resource_label": ""
                  }
                ],
                "scale_in_cooldown": 0,
                "scale_out_cooldown": 0,
                "target_value": 70
              }
            ]
          },
          "private": "bnVsbA==",
          "dependencies": [
            "aws_appautoscaling_target.queues_read_target",
            "aws_dynamodb_table.queues"
          ]
        }
      ]
    },
    {
      "mode": "managed",
      "type": "aws_appautoscaling_policy",
      "name": "queues_write_policy",
      "provider": "provider.aws",
      "instances": [
        {
          "schema_version": 0,
          "attributes": {
            "arn": "arn:aws:autoscaling:us-west-2:621522373462:scalingPolicy:22df4bb8-059a-469a-82b4-c0726e4b1b18:resource/dynamodb/table/broker_queues:policyName/DynamoDBWriteCapacityUtilization:table/broker_queues",
            "id": "DynamoDBWriteCapacityUtilization:table/broker_queues",
            "name": "DynamoDBWriteCapacityUtilization:table/broker_queues",
            "policy_type": "TargetTrackingScaling",
            "resource_id": "table/broker_queues",
            "scalable_dimension": "dynamodb:table:WriteCapacityUnits",
            "service_namespace": "dynamodb",
            "step_scaling_policy_configuration": [],
            "target_tracking_scaling_policy_configuration": [
              {
                "customized_metric_specification": [],
                "disable_scale_in": false,
                "predefined_metric_specification": [
                  {
                    "predefined_metric_type": "DynamoDBWriteCapacityUtilization",
                    "resource_label": ""
                  }
                ],
                "scale_in_cooldown": 0,
                "scale_out_cooldown": 0,
                "target_value": 70
              }
            ]
          },
          "private": "bnVsbA==",
          "dependencies": [
            "aws_appautoscaling_target.queues_write_target",
            "aws_dynamodb_table.queues"
          ]
        }
      ]
    },
    {
      "mode": "managed",
      "type": "aws_appautoscaling_target",
      "name": "codes_read_target",
      "provider": "provider.aws",
      "instances": [
        {
          "schema_version": 0,
          "attributes": {
            "id": "table/broker_codes",
            "max_capacity": 1000,
            "min_capacity": 1,
            "resource_id": "table/broker_codes",
            "role_arn": "arn:aws:iam::621522373462:role/aws-service-role/dynamodb.application-autoscaling.amazonaws.com/AWSServiceRoleForApplicationAutoScaling_DynamoDBTable",
            "scalable_dimension": "dynamodb:table:ReadCapacityUnits",
            "service_namespace": "dynamodb"
          },
          "private": "bnVsbA==",
          "dependencies": [
            "aws_dynamodb_table.codes"
          ]
        }
      ]
    },
    {
      "mode": "managed",
      "type": "aws_appautoscaling_target",
      "name": "codes_write_target",
      "provider": "provider.aws",
      "instances": [
        {
          "schema_version": 0,
          "attributes": {
            "id": "table/broker_codes",
            "max_capacity": 1000,
            "min_capacity": 1,
            "resource_id": "table/broker_codes",
            "role_arn": "arn:aws:iam::621522373462:role/aws-service-role/dynamodb.application-autoscaling.amazonaws.com/AWSServiceRoleForApplicationAutoScaling_DynamoDBTable",
            "scalable_dimension": "dynamodb:table:WriteCapacityUnits",
            "service_namespace": "dynamodb"
          },
          "private": "bnVsbA==",
          "dependencies": [
            "aws_dynamodb_table.codes"
          ]
        }
      ]
    },
    {
      "mode": "managed",
      "type": "aws_appautoscaling_target",
      "name": "messages_ByQueue_read_target",
      "provider": "provider.aws",
      "instances": [
        {
          "schema_version": 0,
          "attributes": {
            "id": "table/broker_messages/index/ByQueue",
            "max_capacity": 1000,
            "min_capacity": 1,
            "resource_id": "table/broker_messages/index/ByQueue",
            "role_arn": "arn:aws:iam::621522373462:role/aws-service-role/dynamodb.application-autoscaling.amazonaws.com/AWSServiceRoleForApplicationAutoScaling_DynamoDBTable",
            "scalable_dimension": "dynamodb:index:ReadCapacityUnits",
            "service_namespace": "dynamodb"
          },
          "private": "bnVsbA==",
          "dependencies": [
            "aws_dynamodb_table.messages"
          ]
        }
      ]
    },
    {
      "mode": "managed",
      "type": "aws_appautoscaling_target",
      "name": "messages_ByQueue_write_target",
      "provider": "provider.aws",
      "instances": [
        {
          "schema_version": 0,
          "attributes": {
            "id": "table/broker_messages/index/ByQueue",
            "max_capacity": 1000,
            "min_capacity": 1,
            "resource_id": "table/broker_messages/index/ByQueue",
            "role_arn": "arn:aws:iam::621522373462:role/aws-service-role/dynamodb.application-autoscaling.amazonaws.com/AWSServiceRoleForApplicationAutoScaling_DynamoDBTable",
            "scalable_dimension": "dynamodb:index:WriteCapacityUnits",
            "service_namespace": "dynamodb"
          },
          "private": "bnVsbA==",
          "dependencies": [
            "aws_dynamodb_table.messages"
          ]
        }
      ]
    },
    {
      "mode": "managed",
      "type": "aws_appautoscaling_target",
      "name": "messages_read_target",
      "provider": "provider.aws",
      "instances": [
        {
          "schema_version": 0,
          "attributes": {
            "id": "table/broker_messages",
            "max_capacity": 1000,
            "min_capacity": 1,
            "resource_id": "table/broker_messages",
            "role_arn": "arn:aws:iam::621522373462:role/aws-service-role/dynamodb.application-autoscaling.amazonaws.com/AWSServiceRoleForApplicationAutoScaling_DynamoDBTable",
            "scalable_dimension": "dynamodb:table:ReadCapacityUnits",
            "service_namespace": "dynamodb"
          },
          "private": "bnVsbA==",
          "dependencies": [
            "aws_dynamodb_table.messages"
          ]
        }
      ]
    },
    {
      "mode": "managed",
      "type": "aws_appautoscaling_target",
      "name": "messages_write_target",
      "provider": "provider.aws",
      "instances": [
        {
          "schema_version": 0,
          "attributes": {
            "id": "table/broker_messages",
            "max_capacity": 1000,
            "min_capacity": 1,
            "resource_id": "table/broker_messages",
            "role_arn": "arn:aws:iam::621522373462:role/aws-service-role/dynamodb.application-autoscaling.amazonaws.com/AWSServiceRoleForApplicationAutoScaling_DynamoDBTable",
            "scalable_dimension": "dynamodb:table:WriteCapacityUnits",
            "service_namespace": "dynamodb"
          },
          "private": "bnVsbA==",
          "dependencies": [
            "aws_dynamodb_table.messages"
          ]
        }
      ]
    },
    {
      "mode": "managed",
      "type": "aws_appautoscaling_target",
      "name": "queues_read_target",
      "provider": "provider.aws",
      "instances": [
        {
          "schema_version": 0,
          "attributes": {
            "id": "table/broker_queues",
            "max_capacity": 1000,
            "min_capacity": 1,
            "resource_id": "table/broker_queues",
            "role_arn": "arn:aws:iam::621522373462:role/aws-service-role/dynamodb.application-autoscaling.amazonaws.com/AWSServiceRoleForApplicationAutoScaling_DynamoDBTable",
            "scalable_dimension": "dynamodb:table:ReadCapacityUnits",
            "service_namespace": "dynamodb"
          },
          "private": "bnVsbA==",
          "dependencies": [
            "aws_dynamodb_table.queues"
          ]
        }
      ]
    },
    {
      "mode": "managed",
      "type": "aws_appautoscaling_target",
      "name": "queues_write_target",
      "provider": "provider.aws",
      "instances": [
        {
          "schema_version": 0,
          "attributes": {
            "id": "table/broker_queues",
            "max_capacity": 1000,
            "min_capacity": 1,
            "resource_id": "table/broker_queues",
            "role_arn": "arn:aws:iam::621522373462:role/aws-service-role/dynamodb.application-autoscaling.amazonaws.com/AWSServiceRoleForApplicationAutoScaling_DynamoDBTable",
            "scalable_dimension": "dynamodb:table:WriteCapacityUnits",
            "service_namespace": "dynamodb"
          },
          "private": "bnVsbA==",
          "dependencies": [
            "aws_dynamodb_table.queues"
          ]
        }
      ]
    },
    {
      "mode": "managed",
      "type": "aws_dynamodb_table",
      "name": "codes",
      "provider": "provider.aws",
      "instances": [
        {
          "schema_version": 1,
          "attributes": {
            "arn": "arn:aws:dynamodb:us-west-2:621522373462:table/broker_codes",
            "attribute": [
              {
                "name": "code",
                "type": "S"
              }
            ],
            "billing_mode": "PROVISIONED",
            "global_secondary_index": [],
            "hash_key": "code",
            "id": "broker_codes",
            "local_secondary_index": [],
            "name": "broker_codes",
            "point_in_time_recovery": [
              {
                "enabled": false
              }
            ],
            "range_key": null,
            "read_capacity": 1,
            "replica": [],
            "server_side_encryption": [],
            "stream_arn": "",
            "stream_enabled": false,
            "stream_label": "",
            "stream_view_type": "",
            "tags": {},
            "timeouts": null,
            "ttl": [
              {
                "attribute_name": "expires_at",
                "enabled": true
              }
            ],
            "write_capacity": 1
          },
          "private": "eyJlMmJmYjczMC1lY2FhLTExZTYtOGY4OC0zNDM2M2JjN2M0YzAiOnsiY3JlYXRlIjo2MDAwMDAwMDAwMDAsImRlbGV0ZSI6NjAwMDAwMDAwMDAwLCJ1cGRhdGUiOjM2MDAwMDAwMDAwMDB9LCJzY2hlbWFfdmVyc2lvbiI6IjEifQ=="
        }
      ]
    },
    {
      "mode": "managed",
      "type": "aws_dynamodb_table",
      "name": "messages",
      "provider": "provider.aws",
      "instances": [
        {
          "schema_version": 1,
          "attributes": {
            "arn": "arn:aws:dynamodb:us-west-2:621522373462:table/broker_messages",
            "attribute": [
              {
                "name": "id",
                "type": "S"
              },
              {
                "name": "queue",
                "type": "S"
              }
            ],
            "billing_mode": "PROVISIONED",
            "global_secondary_index": [
              {
                "hash_key": "queue",
                "name": "ByQueue",
                "non_key_attributes": [],
                "projection_type": "ALL",
                "range_key": "",
                "read_capacity": 1,
                "write_capacity": 1
              }
            ],
            "hash_key": "id",
            "id": "broker_messages",
            "local_secondary_index": [],
            "name": "broker_messages",
            "point_in_time_recovery": [
              {
                "enabled": false
              }
            ],
            "range_key": null,
            "read_capacity": 1,
            "replica": [],
            "server_side_encryption": [],
            "stream_arn": "",
            "stream_enabled": false,
            "stream_label": "",
            "stream_view_type": "",
            "tags": {},
            "timeouts": null,
            "ttl": [
              {
                "attribute_name": "expires_at",
                "enabled": true
              }
            ],
            "write_capacity": 1
          },
          "private": "eyJlMmJmYjczMC1lY2FhLTExZTYtOGY4OC0zNDM2M2JjN2M0YzAiOnsiY3JlYXRlIjo2MDAwMDAwMDAwMDAsImRlbGV0ZSI6NjAwMDAwMDAwMDAwLCJ1cGRhdGUiOjM2MDAwMDAwMDAwMDB9LCJzY2hlbWFfdmVyc2lvbiI6IjEifQ=="
        }
      ]
    },
    {
      "mode": "managed",
      "type": "aws_dynamodb_table",
      "name": "queues",
      "provider": "provider.aws",
      "instances": [
        {
          "schema_version": 1,
          "attributes": {
            "arn": "arn:aws:dynamodb:us-west-2:621522373462:table/broker_queues",
            "attribute": [
              {
                "name": "id",
                "type": "S"
              }
            ],
            "billing_mode": "PROVISIONED",
            "global_secondary_index": [],
            "hash_key": "id",
            "id": "broker_queues",
            "local_secondary_index": [],
            "name": "broker_queues",
            "point_in_time_recovery": [
              {
                "enabled": false
              }
            ],
            "range_key": null,
            "read_capacity": 1,
            "replica": [],
            "server_side_encryption": [],
            "stream_arn": "",
            "stream_enabled": false,
            "stream_label": "",
            "stream_view_type": "",
            "tags": {},
            "timeouts": null,
            "ttl": [
              {
                "attribute_name": "expires_at",
                "enabled": true
              }
            ],
            "write_capacity": 1
          },
          "private": "eyJlMmJmYjczMC1lY2FhLTExZTYtOGY4OC0zNDM2M2JjN2M0YzAiOnsiY3JlYXRlIjo2MDAwMDAwMDAwMDAsImRlbGV0ZSI6NjAwMDAwMDAwMDAwLCJ1cGRhdGUiOjM2MDAwMDAwMDAwMDB9LCJzY2hlbWFfdmVyc2lvbiI6IjEifQ=="
        }
      ]
    },
    {
      "mode": "managed",
      "type": "aws_iam_policy",
      "name": "broker_dynamo_access",
      "provider": "provider.aws",
      "instances": [
        {
          "schema_version": 0,
          "attributes": {
            "arn": "arn:aws:iam::621522373462:policy/broker_broker_dynamo_access",
            "description": "IAM policy for DynamoDB access to broker lambda",
            "id": "arn:aws:iam::621522373462:policy/broker_broker_dynamo_access",
            "name": "broker_broker_dynamo_access",
            "name_prefix": null,
            "path": "/",
            "policy": "{\n    \"Version\": \"2012-10-17\",\n    \"Statement\": [\n        {\n            \"Action\": [\n                \"dynamodb:*\"\n            ],\n            \"Resource\": [\n\n        \"arn:aws:dynamodb:us-west-2:621522373462:table/broker_queues\",\n        \"arn:aws:dynamodb:us-west-2:621522373462:table/broker_queues/*\",\n\n\n        \"arn:aws:dynamodb:us-west-2:621522373462:table/broker_messages\",\n        \"arn:aws:dynamodb:us-west-2:621522373462:table/broker_messages/*\",\n\n\n        \"arn:aws:dynamodb:us-west-2:621522373462:table/broker_codes\",\n        \"arn:aws:dynamodb:us-west-2:621522373462:table/broker_codes/*\"\n\n            ],\n            \"Effect\": \"Allow\"\n        }\n    ]\n}\n"
          },
          "private": "bnVsbA==",
          "dependencies": [
            "aws_dynamodb_table.codes",
            "aws_dynamodb_table.messages",
            "aws_dynamodb_table.queues"
          ]
        }
      ]
    },
    {
      "mode": "managed",
      "type": "aws_iam_policy",
      "name": "lambda_logs_access",
      "provider": "provider.aws",
      "instances": [
        {
          "schema_version": 0,
          "attributes": {
            "arn": "arn:aws:iam::621522373462:policy/broker_usermigration_access",
            "description": "IAM policy for logging from lambda",
            "id": "arn:aws:iam::621522373462:policy/broker_usermigration_access",
            "name": "broker_usermigration_access",
            "name_prefix": null,
            "path": "/",
            "policy": "{\n  \"Version\": \"2012-10-17\",\n  \"Statement\": [\n    {\n      \"Action\": [\n        \"logs:CreateLogStream\",\n        \"logs:PutLogEvents\",\n        \"logs:CreateLogGroup\"\n      ],\n      \"Resource\": \"arn:aws:logs:*:*:*\",\n      \"Effect\": \"Allow\"\n    }\n  ]\n}\n"
          },
          "private": "bnVsbA=="
        }
      ]
    },
    {
      "mode": "managed",
      "type": "aws_iam_role",
      "name": "broker_access",
      "provider": "provider.aws",
      "instances": [
        {
          "schema_version": 0,
          "attributes": {
            "arn": "arn:aws:iam::621522373462:role/broker_broker_access",
            "assume_role_policy": "{\"Version\":\"2012-10-17\",\"Statement\":[{\"Effect\":\"Allow\",\"Principal\":{\"Service\":\"lambda.amazonaws.com\"},\"Action\":\"sts:AssumeRole\"}]}",
            "create_date": "2021-02-12T00:56:39Z",
            "description": "",
            "force_detach_policies": false,
            "id": "broker_broker_access",
            "max_session_duration": 3600,
            "name": "broker_broker_access",
            "name_prefix": null,
            "path": "/",
            "permissions_boundary": null,
            "tags": {},
            "unique_id": "AROAZBNM6ZNLIT2NN7VAQ"
          },
          "private": "bnVsbA=="
        }
      ]
    },
    {
      "mode": "managed",
      "type": "aws_iam_role_policy_attachment",
      "name": "broker_dynamo_access",
      "provider": "provider.aws",
      "instances": [
        {
          "schema_version": 0,
          "attributes": {
            "id": "broker_broker_access-20210212011135991300000001",
            "policy_arn": "arn:aws:iam::621522373462:policy/broker_broker_dynamo_access",
            "role": "broker_broker_access"
          },
          "private": "bnVsbA==",
          "dependencies": [
            "aws_dynamodb_table.codes",
            "aws_dynamodb_table.messages",
            "aws_dynamodb_table.queues",
            "aws_iam_policy.broker_dynamo_access",
            "aws_iam_role.broker_access"
          ]
        }
      ]
    },
    {
      "mode": "managed",
      "type": "aws_iam_role_policy_attachment",
      "name": "broker_logs",
      "provider": "provider.aws",
      "instances": [
        {
          "schema_version": 0,
          "attributes": {
            "id": "broker_broker_access-20210212005641000500000001",
            "policy_arn": "arn:aws:iam::621522373462:policy/broker_usermigration_access",
            "role": "broker_broker_access"
          },
          "private": "bnVsbA==",
          "dependencies": [
            "aws_iam_policy.lambda_logs_access",
            "aws_iam_role.broker_access"
          ]
        }
      ]
    },
    {
      "mode": "managed",
      "type": "aws_lambda_function",
      "name": "broker",
      "provider": "provider.aws",
      "instances": [
        {
          "schema_version": 0,
          "attributes": {
            "arn": "arn:aws:lambda:us-west-2:621522373462:function:broker_backend",
            "code_signing_config_arn": "",
            "dead_letter_config": [],
            "description": "",
            "environment": [
              {
                "variables": {
                  "CLOUD": "true"
                }
              }
            ],
            "file_system_config": [],
            "filename": "/tmp/server.zip",
            "function_name": "broker_backend",
            "handler": "server",
            "id": "broker_backend",
            "image_config": [],
            "image_uri": "",
            "invoke_arn": "arn:aws:apigateway:us-west-2:lambda:path/2015-03-31/functions/arn:aws:lambda:us-west-2:621522373462:function:broker_backend/invocations",
            "kms_key_arn": "",
            "last_modified": "2021-03-13T02:12:51.694+0000",
            "layers": null,
            "memory_size": 128,
            "package_type": "Zip",
            "publish": false,
            "qualified_arn": "arn:aws:lambda:us-west-2:621522373462:function:broker_backend:$LATEST",
            "reserved_concurrent_executions": -1,
            "role": "arn:aws:iam::621522373462:role/broker_broker_access",
            "runtime": "go1.x",
            "s3_bucket": null,
            "s3_key": null,
            "s3_object_version": null,
            "signing_job_arn": "",
            "signing_profile_version_arn": "",
            "source_code_hash": "mXaSrYLdqPD8qQh6nj3Bz/BcN6ckP8ckBD7o7n1GpQ4=",
            "source_code_size": 9356554,
            "tags": null,
            "timeout": 60,
            "timeouts": null,
            "tracing_config": [
              {
                "mode": "PassThrough"
              }
            ],
            "version": "$LATEST",
            "vpc_config": []
          },
          "private": "eyJlMmJmYjczMC1lY2FhLTExZTYtOGY4OC0zNDM2M2JjN2M0YzAiOnsiY3JlYXRlIjo2MDAwMDAwMDAwMDB9fQ==",
          "dependencies": [
            "aws_iam_role.broker_access"
          ]
        }
      ]
    },
    {
      "mode": "managed",
      "type": "aws_lambda_permission",
      "name": "broker_apigw",
      "provider": "provider.aws",
      "instances": [
        {
          "schema_version": 0,
          "attributes": {
            "action": "lambda:InvokeFunction",
            "event_source_token": null,
            "function_name": "arn:aws:lambda:us-west-2:621522373462:function:broker_backend",
            "id": "AllowAPIGatewayInvoke",
            "principal": "apigateway.amazonaws.com",
            "qualifier": "",
            "source_account": null,
            "source_arn": "arn:aws:execute-api:us-west-2:621522373462:7iokpqos42/prod/*/*",
            "statement_id": "AllowAPIGatewayInvoke",
            "statement_id_prefix": null
          },
          "private": "bnVsbA==",
          "dependencies": [
            "aws_api_gateway_deployment.broker_deployment",
            "aws_api_gateway_integration.broker_lambda",
            "aws_api_gateway_integration.broker_lambda_root",
            "aws_api_gateway_method.broker_proxy",
            "aws_api_gateway_method.broker_proxy_root",
            "aws_api_gateway_rest_api.broker_api",
            "aws_iam_role.broker_access",
            "aws_lambda_function.broker"
          ]
        }
      ]
    }
  ]
}
